
Microsoft Visual Studio Solution File, Format Version 12.00
# Visual Studio Version 16
VisualStudioVersion = 16.0.30225.117
MinimumVisualStudioVersion = 10.0.40219.1
Project("{FAE04EC0-301F-11D3-BF4B-00C04F79EFBC}") = "Algorithms", "Algorithms.csproj", "{90BF6C5B-00AD-4FFD-9AEB-E97247F8341C}"
EndProject
Global
	GlobalSection(SolutionConfigurationPlatforms) = preSolution
		Debug|Any CPU = Debug|Any CPU
		Release|Any CPU = Release|Any CPU
	EndGlobalSection
	GlobalSection(ProjectConfigurationPlatforms) = postSolution
		{90BF6C5B-00AD-4FFD-9AEB-E97247F8341C}.Debug|Any CPU.ActiveCfg = Debug|Any CPU
		{90BF6C5B-00AD-4FFD-9AEB-E97247F8341C}.Debug|Any CPU.Build.0 = Debug|Any CPU
		{90BF6C5B-00AD-4FFD-9AEB-E97247F8341C}.Release|Any CPU.ActiveCfg = Release|Any CPU
		{90BF6C5B-00AD-4FFD-9AEB-E97247F8341C}.Release|Any CPU.Build.0 = Release|Any CPU
	EndGlobalSection
	GlobalSection(SolutionProperties) = preSolution
		HideSolutionNode = FALSE
	EndGlobalSection
	GlobalSection(ExtensibilityGlobals) = postSolution
		SolutionGuid = {E0862234-DCCE-46DC-A49C-C0B129FFAF0E}
	EndGlobalSection
EndGlobal
